
Microsoft Visual Studio Solution File, Format Version 12.00
# Visual Studio Version 17
VisualStudioVersion = 17.3.32825.248
MinimumVisualStudioVersion = 10.0.40219.1
Project("{FAE04EC0-301F-11D3-BF4B-00C04F79EFBC}") = "A better join", "A better join\A better join.csproj", "{9C894EF4-9DCF-48BD-A596-67C43041E546}"
EndProject
Global
	GlobalSection(SolutionConfigurationPlatforms) = preSolution
		Debug|Any CPU = Debug|Any CPU
		Release|Any CPU = Release|Any CPU
	EndGlobalSection
	GlobalSection(ProjectConfigurationPlatforms) = postSolution
		{9C894EF4-9DCF-48BD-A596-67C43041E546}.Debug|Any CPU.ActiveCfg = Debug|Any CPU
		{9C894EF4-9DCF-48BD-A596-67C43041E546}.Debug|Any CPU.Build.0 = Debug|Any CPU
		{9C894EF4-9DCF-48BD-A596-67C43041E546}.Release|Any CPU.ActiveCfg = Release|Any CPU
		{9C894EF4-9DCF-48BD-A596-67C43041E546}.Release|Any CPU.Build.0 = Release|Any CPU
	EndGlobalSection
	GlobalSection(SolutionProperties) = preSolution
		HideSolutionNode = FALSE
	EndGlobalSection
	GlobalSection(ExtensibilityGlobals) = postSolution
		SolutionGuid = {FEBFC45F-3405-47FF-AA36-FDF1743D8086}
	EndGlobalSection
EndGlobal
