
Microsoft Visual Studio Solution File, Format Version 12.00
# Visual Studio Version 17
VisualStudioVersion = 17.3.32825.248
MinimumVisualStudioVersion = 10.0.40219.1
Project("{FAE04EC0-301F-11D3-BF4B-00C04F79EFBC}") = "Seasons", "Seasons\Seasons.csproj", "{A44D7218-0AA4-449D-8853-A4F04DCC8F6A}"
EndProject
Global
	GlobalSection(SolutionConfigurationPlatforms) = preSolution
		Debug|Any CPU = Debug|Any CPU
		Release|Any CPU = Release|Any CPU
	EndGlobalSection
	GlobalSection(ProjectConfigurationPlatforms) = postSolution
		{A44D7218-0AA4-449D-8853-A4F04DCC8F6A}.Debug|Any CPU.ActiveCfg = Debug|Any CPU
		{A44D7218-0AA4-449D-8853-A4F04DCC8F6A}.Debug|Any CPU.Build.0 = Debug|Any CPU
		{A44D7218-0AA4-449D-8853-A4F04DCC8F6A}.Release|Any CPU.ActiveCfg = Release|Any CPU
		{A44D7218-0AA4-449D-8853-A4F04DCC8F6A}.Release|Any CPU.Build.0 = Release|Any CPU
	EndGlobalSection
	GlobalSection(SolutionProperties) = preSolution
		HideSolutionNode = FALSE
	EndGlobalSection
	GlobalSection(ExtensibilityGlobals) = postSolution
		SolutionGuid = {CBC72ADE-380E-4B8E-8720-BBD9A6677E4F}
	EndGlobalSection
EndGlobal
