
Microsoft Visual Studio Solution File, Format Version 12.00
# Visual Studio Version 17
VisualStudioVersion = 17.3.32825.248
MinimumVisualStudioVersion = 10.0.40219.1
Project("{FAE04EC0-301F-11D3-BF4B-00C04F79EFBC}") = "Country capitals quiz", "Country capitals quiz\Country capitals quiz.csproj", "{69792BE2-D3A9-4DD4-B622-9F46493C8900}"
EndProject
Global
	GlobalSection(SolutionConfigurationPlatforms) = preSolution
		Debug|Any CPU = Debug|Any CPU
		Release|Any CPU = Release|Any CPU
	EndGlobalSection
	GlobalSection(ProjectConfigurationPlatforms) = postSolution
		{69792BE2-D3A9-4DD4-B622-9F46493C8900}.Debug|Any CPU.ActiveCfg = Debug|Any CPU
		{69792BE2-D3A9-4DD4-B622-9F46493C8900}.Debug|Any CPU.Build.0 = Debug|Any CPU
		{69792BE2-D3A9-4DD4-B622-9F46493C8900}.Release|Any CPU.ActiveCfg = Release|Any CPU
		{69792BE2-D3A9-4DD4-B622-9F46493C8900}.Release|Any CPU.Build.0 = Release|Any CPU
	EndGlobalSection
	GlobalSection(SolutionProperties) = preSolution
		HideSolutionNode = FALSE
	EndGlobalSection
	GlobalSection(ExtensibilityGlobals) = postSolution
		SolutionGuid = {34759B2F-F980-4D62-8247-985D50154748}
	EndGlobalSection
EndGlobal
